
Microsoft Visual Studio Solution File, Format Version 12.00
# Visual Studio 15
Project("{FAE04EC0-301F-11D3-BF4B-00C04F79EFBC}") = "Pathfinder2E.Core", "Pathfinder2E.Core\Pathfinder2E.Core.csproj", "{9EC72509-347E-44E2-AC9F-983D35F080BF}"
EndProject
Project("{FAE04EC0-301F-11D3-BF4B-00C04F79EFBC}") = "Pathfinder2E.Core.UnitTests", "Tests\Pathfinder2E.Core.UnitTests\Pathfinder2E.Core.UnitTests.csproj", "{DA24845D-7592-40E4-AE1C-0278117CA5D3}"
EndProject
Global
	GlobalSection(SolutionConfigurationPlatforms) = preSolution
		Debug|Any CPU = Debug|Any CPU
		Release|Any CPU = Release|Any CPU
	EndGlobalSection
	GlobalSection(ProjectConfigurationPlatforms) = postSolution
		{9EC72509-347E-44E2-AC9F-983D35F080BF}.Debug|Any CPU.ActiveCfg = Debug|Any CPU
		{9EC72509-347E-44E2-AC9F-983D35F080BF}.Debug|Any CPU.Build.0 = Debug|Any CPU
		{9EC72509-347E-44E2-AC9F-983D35F080BF}.Release|Any CPU.ActiveCfg = Release|Any CPU
		{9EC72509-347E-44E2-AC9F-983D35F080BF}.Release|Any CPU.Build.0 = Release|Any CPU
		{DA24845D-7592-40E4-AE1C-0278117CA5D3}.Debug|Any CPU.ActiveCfg = Debug|Any CPU
		{DA24845D-7592-40E4-AE1C-0278117CA5D3}.Debug|Any CPU.Build.0 = Debug|Any CPU
		{DA24845D-7592-40E4-AE1C-0278117CA5D3}.Release|Any CPU.ActiveCfg = Release|Any CPU
		{DA24845D-7592-40E4-AE1C-0278117CA5D3}.Release|Any CPU.Build.0 = Release|Any CPU
	EndGlobalSection
EndGlobal
